// !$*UTF8*$!
{
	archiveVersion = 1;
	classes = {
	};
	objectVersion = 46;
	objects = {

/* Begin PBXBuildFile section */
		BB043E8018526CE20078AA89 /* AboutViewController.m in Sources */ = {isa = PBXBuildFile; fileRef = BB043E7E18526CE20078AA89 /* AboutViewController.m */; };
		BB043E8118526CE20078AA89 /* AboutViewController.xib in Resources */ = {isa = PBXBuildFile; fileRef = BB043E7F18526CE20078AA89 /* AboutViewController.xib */; };
		BB2B56F81838532900288708 /* Foundation.framework in Frameworks */ = {isa = PBXBuildFile; fileRef = BB2B56F71838532900288708 /* Foundation.framework */; };
		BB2B56FA1838532900288708 /* CoreGraphics.framework in Frameworks */ = {isa = PBXBuildFile; fileRef = BB2B56F91838532900288708 /* CoreGraphics.framework */; };
		BB2B56FC1838532900288708 /* UIKit.framework in Frameworks */ = {isa = PBXBuildFile; fileRef = BB2B56FB1838532900288708 /* UIKit.framework */; };
		BB2B57021838532900288708 /* InfoPlist.strings in Resources */ = {isa = PBXBuildFile; fileRef = BB2B57001838532900288708 /* InfoPlist.strings */; };
		BB2B57041838532900288708 /* main.m in Sources */ = {isa = PBXBuildFile; fileRef = BB2B57031838532900288708 /* main.m */; };
		BB2B57081838532900288708 /* AppDelegate.m in Sources */ = {isa = PBXBuildFile; fileRef = BB2B57071838532900288708 /* AppDelegate.m */; };
		BB2B570B1838532900288708 /* Main_iPhone.storyboard in Resources */ = {isa = PBXBuildFile; fileRef = BB2B57091838532900288708 /* Main_iPhone.storyboard */; };
		BB2B57141838532900288708 /* SecondViewController.m in Sources */ = {isa = PBXBuildFile; fileRef = BB2B57131838532900288708 /* SecondViewController.m */; };
		BB2B57161838532900288708 /* Images.xcassets in Resources */ = {isa = PBXBuildFile; fileRef = BB2B57151838532900288708 /* Images.xcassets */; };
		BB2B571D1838532900288708 /* XCTest.framework in Frameworks */ = {isa = PBXBuildFile; fileRef = BB2B571C1838532900288708 /* XCTest.framework */; };
		BB2B571E1838532900288708 /* Foundation.framework in Frameworks */ = {isa = PBXBuildFile; fileRef = BB2B56F71838532900288708 /* Foundation.framework */; };
		BB2B571F1838532900288708 /* UIKit.framework in Frameworks */ = {isa = PBXBuildFile; fileRef = BB2B56FB1838532900288708 /* UIKit.framework */; };
		BB2B57271838532900288708 /* InfoPlist.strings in Resources */ = {isa = PBXBuildFile; fileRef = BB2B57251838532900288708 /* InfoPlist.strings */; };
		BB2B57291838532900288708 /* Slush_WatchTests.m in Sources */ = {isa = PBXBuildFile; fileRef = BB2B57281838532900288708 /* Slush_WatchTests.m */; };
		BB2B57341838585300288708 /* Utilities.m in Sources */ = {isa = PBXBuildFile; fileRef = BB2B57331838585300288708 /* Utilities.m */; };
		BB2B573A18385ABE00288708 /* UserData.m in Sources */ = {isa = PBXBuildFile; fileRef = BB2B573918385ABE00288708 /* UserData.m */; };
		BB2B573D18385AF300288708 /* Json.m in Sources */ = {isa = PBXBuildFile; fileRef = BB2B573C18385AF300288708 /* Json.m */; };
		BB2B57401838657200288708 /* Alerts.m in Sources */ = {isa = PBXBuildFile; fileRef = BB2B573F1838657200288708 /* Alerts.m */; };
		BB2B5745183876B100288708 /* Worker.m in Sources */ = {isa = PBXBuildFile; fileRef = BB2B5744183876B100288708 /* Worker.m */; };
		BB5B20D01851609F00938B19 /* CustomIOS7AlertView.m in Sources */ = {isa = PBXBuildFile; fileRef = BB5B20CF1851609F00938B19 /* CustomIOS7AlertView.m */; };
		BB5B20E61851741400938B19 /* bitstream.c in Sources */ = {isa = PBXBuildFile; fileRef = BB5B20D21851741400938B19 /* bitstream.c */; };
		BB5B20E71851741400938B19 /* mask.c in Sources */ = {isa = PBXBuildFile; fileRef = BB5B20D51851741400938B19 /* mask.c */; };
		BB5B20E81851741400938B19 /* mmask.c in Sources */ = {isa = PBXBuildFile; fileRef = BB5B20D71851741400938B19 /* mmask.c */; };
		BB5B20E91851741400938B19 /* mqrspec.c in Sources */ = {isa = PBXBuildFile; fileRef = BB5B20D91851741400938B19 /* mqrspec.c */; };
		BB5B20EA1851741400938B19 /* qrencode.c in Sources */ = {isa = PBXBuildFile; fileRef = BB5B20DB1851741400938B19 /* qrencode.c */; };
		BB5B20EB1851741400938B19 /* qrinput.c in Sources */ = {isa = PBXBuildFile; fileRef = BB5B20DE1851741400938B19 /* qrinput.c */; };
		BB5B20EC1851741400938B19 /* qrspec.c in Sources */ = {isa = PBXBuildFile; fileRef = BB5B20E01851741400938B19 /* qrspec.c */; };
		BB5B20ED1851741400938B19 /* rscode.c in Sources */ = {isa = PBXBuildFile; fileRef = BB5B20E21851741400938B19 /* rscode.c */; };
		BB5B20EE1851741400938B19 /* split.c in Sources */ = {isa = PBXBuildFile; fileRef = BB5B20E41851741400938B19 /* split.c */; };
		BB5B20F11851744D00938B19 /* UIImage+QRCodeGenerator.m in Sources */ = {isa = PBXBuildFile; fileRef = BB5B20F01851744D00938B19 /* UIImage+QRCodeGenerator.m */; };
		BB8BE4EB1839106200BD9266 /* WorkerViewController.m in Sources */ = {isa = PBXBuildFile; fileRef = BB8BE4EA1839106200BD9266 /* WorkerViewController.m */; };
		BB8BE4EE1839533B00BD9266 /* StatsViewController.m in Sources */ = {isa = PBXBuildFile; fileRef = BB8BE4ED1839533B00BD9266 /* StatsViewController.m */; };
		BB8BE4F218395FEF00BD9266 /* cloud.png in Resources */ = {isa = PBXBuildFile; fileRef = BB8BE4F118395FEF00BD9266 /* cloud.png */; };
		BB8BE4F41839604300BD9266 /* home.png in Resources */ = {isa = PBXBuildFile; fileRef = BB8BE4F31839604300BD9266 /* home.png */; };
		BB8BE4F61839609800BD9266 /* spanner.png in Resources */ = {isa = PBXBuildFile; fileRef = BB8BE4F51839609800BD9266 /* spanner.png */; };
		BBB97D17185145CC006D6D4F /* BitstampData.m in Sources */ = {isa = PBXBuildFile; fileRef = BBB97D16185145CC006D6D4F /* BitstampData.m */; };
/* End PBXBuildFile section */

/* Begin PBXContainerItemProxy section */
		BB2B57201838532900288708 /* PBXContainerItemProxy */ = {
			isa = PBXContainerItemProxy;
			containerPortal = BB2B56EC1838532900288708 /* Project object */;
			proxyType = 1;
			remoteGlobalIDString = BB2B56F31838532900288708;
			remoteInfo = "Slush Watch";
		};
/* End PBXContainerItemProxy section */

/* Begin PBXFileReference section */
		BB043E7D18526CE20078AA89 /* AboutViewController.h */ = {isa = PBXFileReference; fileEncoding = 4; lastKnownFileType = sourcecode.c.h; path = AboutViewController.h; sourceTree = "<group>"; };
		BB043E7E18526CE20078AA89 /* AboutViewController.m */ = {isa = PBXFileReference; fileEncoding = 4; lastKnownFileType = sourcecode.c.objc; path = AboutViewController.m; sourceTree = "<group>"; };
		BB043E7F18526CE20078AA89 /* AboutViewController.xib */ = {isa = PBXFileReference; fileEncoding = 4; lastKnownFileType = file.xib; path = AboutViewController.xib; sourceTree = "<group>"; };
		BB2B56F41838532900288708 /* Foreman.app */ = {isa = PBXFileReference; explicitFileType = wrapper.application; includeInIndex = 0; path = Foreman.app; sourceTree = BUILT_PRODUCTS_DIR; };
		BB2B56F71838532900288708 /* Foundation.framework */ = {isa = PBXFileReference; lastKnownFileType = wrapper.framework; name = Foundation.framework; path = System/Library/Frameworks/Foundation.framework; sourceTree = SDKROOT; };
		BB2B56F91838532900288708 /* CoreGraphics.framework */ = {isa = PBXFileReference; lastKnownFileType = wrapper.framework; name = CoreGraphics.framework; path = System/Library/Frameworks/CoreGraphics.framework; sourceTree = SDKROOT; };
		BB2B56FB1838532900288708 /* UIKit.framework */ = {isa = PBXFileReference; lastKnownFileType = wrapper.framework; name = UIKit.framework; path = System/Library/Frameworks/UIKit.framework; sourceTree = SDKROOT; };
		BB2B56FF1838532900288708 /* Foreman-Info.plist */ = {isa = PBXFileReference; lastKnownFileType = text.plist.xml; path = "Foreman-Info.plist"; sourceTree = "<group>"; };
		BB2B57011838532900288708 /* en */ = {isa = PBXFileReference; lastKnownFileType = text.plist.strings; name = en; path = en.lproj/InfoPlist.strings; sourceTree = "<group>"; };
		BB2B57031838532900288708 /* main.m */ = {isa = PBXFileReference; lastKnownFileType = sourcecode.c.objc; path = main.m; sourceTree = "<group>"; };
		BB2B57051838532900288708 /* Foreman-Prefix.pch */ = {isa = PBXFileReference; lastKnownFileType = sourcecode.c.h; path = "Foreman-Prefix.pch"; sourceTree = "<group>"; };
		BB2B57061838532900288708 /* AppDelegate.h */ = {isa = PBXFileReference; lastKnownFileType = sourcecode.c.h; path = AppDelegate.h; sourceTree = "<group>"; };
		BB2B57071838532900288708 /* AppDelegate.m */ = {isa = PBXFileReference; lastKnownFileType = sourcecode.c.objc; path = AppDelegate.m; sourceTree = "<group>"; };
		BB2B570A1838532900288708 /* Base */ = {isa = PBXFileReference; lastKnownFileType = file.storyboard; name = Base; path = Base.lproj/Main_iPhone.storyboard; sourceTree = "<group>"; };
		BB2B57121838532900288708 /* SecondViewController.h */ = {isa = PBXFileReference; lastKnownFileType = sourcecode.c.h; path = SecondViewController.h; sourceTree = "<group>"; };
		BB2B57131838532900288708 /* SecondViewController.m */ = {isa = PBXFileReference; lastKnownFileType = sourcecode.c.objc; path = SecondViewController.m; sourceTree = "<group>"; };
		BB2B57151838532900288708 /* Images.xcassets */ = {isa = PBXFileReference; lastKnownFileType = folder.assetcatalog; path = Images.xcassets; sourceTree = "<group>"; };
		BB2B571B1838532900288708 /* ForemanTests.xctest */ = {isa = PBXFileReference; explicitFileType = wrapper.cfbundle; includeInIndex = 0; path = ForemanTests.xctest; sourceTree = BUILT_PRODUCTS_DIR; };
		BB2B571C1838532900288708 /* XCTest.framework */ = {isa = PBXFileReference; lastKnownFileType = wrapper.framework; name = XCTest.framework; path = Library/Frameworks/XCTest.framework; sourceTree = DEVELOPER_DIR; };
		BB2B57241838532900288708 /* ForemanTests-Info.plist */ = {isa = PBXFileReference; lastKnownFileType = text.plist.xml; path = "ForemanTests-Info.plist"; sourceTree = "<group>"; };
		BB2B57261838532900288708 /* en */ = {isa = PBXFileReference; lastKnownFileType = text.plist.strings; name = en; path = en.lproj/InfoPlist.strings; sourceTree = "<group>"; };
		BB2B57281838532900288708 /* Slush_WatchTests.m */ = {isa = PBXFileReference; lastKnownFileType = sourcecode.c.objc; path = Slush_WatchTests.m; sourceTree = "<group>"; };
		BB2B57321838585300288708 /* Utilities.h */ = {isa = PBXFileReference; fileEncoding = 4; lastKnownFileType = sourcecode.c.h; path = Utilities.h; sourceTree = "<group>"; };
		BB2B57331838585300288708 /* Utilities.m */ = {isa = PBXFileReference; fileEncoding = 4; lastKnownFileType = sourcecode.c.objc; path = Utilities.m; sourceTree = "<group>"; };
		BB2B573818385ABE00288708 /* UserData.h */ = {isa = PBXFileReference; fileEncoding = 4; lastKnownFileType = sourcecode.c.h; path = UserData.h; sourceTree = "<group>"; };
		BB2B573918385ABE00288708 /* UserData.m */ = {isa = PBXFileReference; fileEncoding = 4; lastKnownFileType = sourcecode.c.objc; path = UserData.m; sourceTree = "<group>"; };
		BB2B573B18385AF300288708 /* Json.h */ = {isa = PBXFileReference; fileEncoding = 4; lastKnownFileType = sourcecode.c.h; path = Json.h; sourceTree = "<group>"; };
		BB2B573C18385AF300288708 /* Json.m */ = {isa = PBXFileReference; fileEncoding = 4; lastKnownFileType = sourcecode.c.objc; path = Json.m; sourceTree = "<group>"; };
		BB2B573E1838657200288708 /* Alerts.h */ = {isa = PBXFileReference; fileEncoding = 4; lastKnownFileType = sourcecode.c.h; path = Alerts.h; sourceTree = "<group>"; };
		BB2B573F1838657200288708 /* Alerts.m */ = {isa = PBXFileReference; fileEncoding = 4; lastKnownFileType = sourcecode.c.objc; path = Alerts.m; sourceTree = "<group>"; };
		BB2B5743183876B100288708 /* Worker.h */ = {isa = PBXFileReference; fileEncoding = 4; lastKnownFileType = sourcecode.c.h; path = Worker.h; sourceTree = "<group>"; };
		BB2B5744183876B100288708 /* Worker.m */ = {isa = PBXFileReference; fileEncoding = 4; lastKnownFileType = sourcecode.c.objc; path = Worker.m; sourceTree = "<group>"; };
		BB5B20CE1851609F00938B19 /* CustomIOS7AlertView.h */ = {isa = PBXFileReference; fileEncoding = 4; lastKnownFileType = sourcecode.c.h; path = CustomIOS7AlertView.h; sourceTree = "<group>"; };
		BB5B20CF1851609F00938B19 /* CustomIOS7AlertView.m */ = {isa = PBXFileReference; fileEncoding = 4; lastKnownFileType = sourcecode.c.objc; path = CustomIOS7AlertView.m; sourceTree = "<group>"; };
		BB5B20D21851741400938B19 /* bitstream.c */ = {isa = PBXFileReference; fileEncoding = 4; lastKnownFileType = sourcecode.c.c; path = bitstream.c; sourceTree = "<group>"; };
		BB5B20D31851741400938B19 /* bitstream.h */ = {isa = PBXFileReference; fileEncoding = 4; lastKnownFileType = sourcecode.c.h; path = bitstream.h; sourceTree = "<group>"; };
		BB5B20D41851741400938B19 /* config.h */ = {isa = PBXFileReference; fileEncoding = 4; lastKnownFileType = sourcecode.c.h; path = config.h; sourceTree = "<group>"; };
		BB5B20D51851741400938B19 /* mask.c */ = {isa = PBXFileReference; fileEncoding = 4; lastKnownFileType = sourcecode.c.c; path = mask.c; sourceTree = "<group>"; };
		BB5B20D61851741400938B19 /* mask.h */ = {isa = PBXFileReference; fileEncoding = 4; lastKnownFileType = sourcecode.c.h; path = mask.h; sourceTree = "<group>"; };
		BB5B20D71851741400938B19 /* mmask.c */ = {isa = PBXFileReference; fileEncoding = 4; lastKnownFileType = sourcecode.c.c; path = mmask.c; sourceTree = "<group>"; };
		BB5B20D81851741400938B19 /* mmask.h */ = {isa = PBXFileReference; fileEncoding = 4; lastKnownFileType = sourcecode.c.h; path = mmask.h; sourceTree = "<group>"; };
		BB5B20D91851741400938B19 /* mqrspec.c */ = {isa = PBXFileReference; fileEncoding = 4; lastKnownFileType = sourcecode.c.c; path = mqrspec.c; sourceTree = "<group>"; };
		BB5B20DA1851741400938B19 /* mqrspec.h */ = {isa = PBXFileReference; fileEncoding = 4; lastKnownFileType = sourcecode.c.h; path = mqrspec.h; sourceTree = "<group>"; };
		BB5B20DB1851741400938B19 /* qrencode.c */ = {isa = PBXFileReference; fileEncoding = 4; lastKnownFileType = sourcecode.c.c; path = qrencode.c; sourceTree = "<group>"; };
		BB5B20DC1851741400938B19 /* qrencode.h */ = {isa = PBXFileReference; fileEncoding = 4; lastKnownFileType = sourcecode.c.h; path = qrencode.h; sourceTree = "<group>"; };
		BB5B20DD1851741400938B19 /* qrencode_inner.h */ = {isa = PBXFileReference; fileEncoding = 4; lastKnownFileType = sourcecode.c.h; path = qrencode_inner.h; sourceTree = "<group>"; };
		BB5B20DE1851741400938B19 /* qrinput.c */ = {isa = PBXFileReference; fileEncoding = 4; lastKnownFileType = sourcecode.c.c; path = qrinput.c; sourceTree = "<group>"; };
		BB5B20DF1851741400938B19 /* qrinput.h */ = {isa = PBXFileReference; fileEncoding = 4; lastKnownFileType = sourcecode.c.h; path = qrinput.h; sourceTree = "<group>"; };
		BB5B20E01851741400938B19 /* qrspec.c */ = {isa = PBXFileReference; fileEncoding = 4; lastKnownFileType = sourcecode.c.c; path = qrspec.c; sourceTree = "<group>"; };
		BB5B20E11851741400938B19 /* qrspec.h */ = {isa = PBXFileReference; fileEncoding = 4; lastKnownFileType = sourcecode.c.h; path = qrspec.h; sourceTree = "<group>"; };
		BB5B20E21851741400938B19 /* rscode.c */ = {isa = PBXFileReference; fileEncoding = 4; lastKnownFileType = sourcecode.c.c; path = rscode.c; sourceTree = "<group>"; };
		BB5B20E31851741400938B19 /* rscode.h */ = {isa = PBXFileReference; fileEncoding = 4; lastKnownFileType = sourcecode.c.h; path = rscode.h; sourceTree = "<group>"; };
		BB5B20E41851741400938B19 /* split.c */ = {isa = PBXFileReference; fileEncoding = 4; lastKnownFileType = sourcecode.c.c; path = split.c; sourceTree = "<group>"; };
		BB5B20E51851741400938B19 /* split.h */ = {isa = PBXFileReference; fileEncoding = 4; lastKnownFileType = sourcecode.c.h; path = split.h; sourceTree = "<group>"; };
		BB5B20EF1851744D00938B19 /* UIImage+QRCodeGenerator.h */ = {isa = PBXFileReference; fileEncoding = 4; lastKnownFileType = sourcecode.c.h; path = "UIImage+QRCodeGenerator.h"; sourceTree = "<group>"; };
		BB5B20F01851744D00938B19 /* UIImage+QRCodeGenerator.m */ = {isa = PBXFileReference; fileEncoding = 4; lastKnownFileType = sourcecode.c.objc; path = "UIImage+QRCodeGenerator.m"; sourceTree = "<group>"; };
		BB8BE4E91839106200BD9266 /* WorkerViewController.h */ = {isa = PBXFileReference; fileEncoding = 4; lastKnownFileType = sourcecode.c.h; path = WorkerViewController.h; sourceTree = "<group>"; };
		BB8BE4EA1839106200BD9266 /* WorkerViewController.m */ = {isa = PBXFileReference; fileEncoding = 4; lastKnownFileType = sourcecode.c.objc; path = WorkerViewController.m; sourceTree = "<group>"; };
		BB8BE4EC1839533B00BD9266 /* StatsViewController.h */ = {isa = PBXFileReference; fileEncoding = 4; lastKnownFileType = sourcecode.c.h; path = StatsViewController.h; sourceTree = "<group>"; };
		BB8BE4ED1839533B00BD9266 /* StatsViewController.m */ = {isa = PBXFileReference; fileEncoding = 4; lastKnownFileType = sourcecode.c.objc; path = StatsViewController.m; sourceTree = "<group>"; };
		BB8BE4F118395FEF00BD9266 /* cloud.png */ = {isa = PBXFileReference; lastKnownFileType = image.png; path = cloud.png; sourceTree = "<group>"; };
		BB8BE4F31839604300BD9266 /* home.png */ = {isa = PBXFileReference; lastKnownFileType = image.png; path = home.png; sourceTree = "<group>"; };
		BB8BE4F51839609800BD9266 /* spanner.png */ = {isa = PBXFileReference; lastKnownFileType = image.png; path = spanner.png; sourceTree = "<group>"; };
		BBB97D15185145CC006D6D4F /* BitstampData.h */ = {isa = PBXFileReference; fileEncoding = 4; lastKnownFileType = sourcecode.c.h; path = BitstampData.h; sourceTree = "<group>"; };
		BBB97D16185145CC006D6D4F /* BitstampData.m */ = {isa = PBXFileReference; fileEncoding = 4; lastKnownFileType = sourcecode.c.objc; path = BitstampData.m; sourceTree = "<group>"; };
/* End PBXFileReference section */

/* Begin PBXFrameworksBuildPhase section */
		BB2B56F11838532900288708 /* Frameworks */ = {
			isa = PBXFrameworksBuildPhase;
			buildActionMask = 2147483647;
			files = (
				BB2B56FA1838532900288708 /* CoreGraphics.framework in Frameworks */,
				BB2B56FC1838532900288708 /* UIKit.framework in Frameworks */,
				BB2B56F81838532900288708 /* Foundation.framework in Frameworks */,
			);
			runOnlyForDeploymentPostprocessing = 0;
		};
		BB2B57181838532900288708 /* Frameworks */ = {
			isa = PBXFrameworksBuildPhase;
			buildActionMask = 2147483647;
			files = (
				BB2B571D1838532900288708 /* XCTest.framework in Frameworks */,
				BB2B571F1838532900288708 /* UIKit.framework in Frameworks */,
				BB2B571E1838532900288708 /* Foundation.framework in Frameworks */,
			);
			runOnlyForDeploymentPostprocessing = 0;
		};
/* End PBXFrameworksBuildPhase section */

/* Begin PBXGroup section */
		BB2B56EB1838532900288708 = {
			isa = PBXGroup;
			children = (
				BB2B56FD1838532900288708 /* Foreman */,
				BB2B57221838532900288708 /* Foreman Tests */,
				BB2B56F61838532900288708 /* Frameworks */,
				BB2B56F51838532900288708 /* Products */,
			);
			sourceTree = "<group>";
		};
		BB2B56F51838532900288708 /* Products */ = {
			isa = PBXGroup;
			children = (
				BB2B56F41838532900288708 /* Foreman.app */,
				BB2B571B1838532900288708 /* ForemanTests.xctest */,
			);
			name = Products;
			sourceTree = "<group>";
		};
		BB2B56F61838532900288708 /* Frameworks */ = {
			isa = PBXGroup;
			children = (
				BB2B56F71838532900288708 /* Foundation.framework */,
				BB2B56F91838532900288708 /* CoreGraphics.framework */,
				BB2B56FB1838532900288708 /* UIKit.framework */,
				BB2B571C1838532900288708 /* XCTest.framework */,
			);
			name = Frameworks;
			sourceTree = "<group>";
		};
		BB2B56FD1838532900288708 /* Foreman */ = {
			isa = PBXGroup;
			children = (
				BB5B20C018515EBA00938B19 /* Libraries */,
				BB8BE4EF18395F5F00BD9266 /* View Controllers */,
				BB2B57421838724D00288708 /* Models */,
				BB2B57411838722C00288708 /* Utilities */,
				BB2B57061838532900288708 /* AppDelegate.h */,
				BB2B57071838532900288708 /* AppDelegate.m */,
				BB2B57091838532900288708 /* Main_iPhone.storyboard */,
				BB2B57151838532900288708 /* Images.xcassets */,
				BB2B56FE1838532900288708 /* Supporting Files */,
			);
			path = Foreman;
			sourceTree = "<group>";
		};
		BB2B56FE1838532900288708 /* Supporting Files */ = {
			isa = PBXGroup;
			children = (
				BB8BE4F018395F7700BD9266 /* Images */,
				BB2B56FF1838532900288708 /* Foreman-Info.plist */,
				BB2B57001838532900288708 /* InfoPlist.strings */,
				BB2B57031838532900288708 /* main.m */,
				BB2B57051838532900288708 /* Foreman-Prefix.pch */,
			);
			name = "Supporting Files";
			sourceTree = "<group>";
		};
		BB2B57221838532900288708 /* Foreman Tests */ = {
			isa = PBXGroup;
			children = (
				BB2B57281838532900288708 /* Slush_WatchTests.m */,
				BB2B57231838532900288708 /* Supporting Files */,
			);
			path = "Foreman Tests";
			sourceTree = "<group>";
		};
		BB2B57231838532900288708 /* Supporting Files */ = {
			isa = PBXGroup;
			children = (
				BB2B57241838532900288708 /* ForemanTests-Info.plist */,
				BB2B57251838532900288708 /* InfoPlist.strings */,
			);
			name = "Supporting Files";
			sourceTree = "<group>";
		};
		BB2B57411838722C00288708 /* Utilities */ = {
			isa = PBXGroup;
			children = (
				BB2B573B18385AF300288708 /* Json.h */,
				BB2B573C18385AF300288708 /* Json.m */,
				BB2B573E1838657200288708 /* Alerts.h */,
				BB2B573F1838657200288708 /* Alerts.m */,
				BB2B57321838585300288708 /* Utilities.h */,
				BB2B57331838585300288708 /* Utilities.m */,
			);
			name = Utilities;
			sourceTree = "<group>";
		};
		BB2B57421838724D00288708 /* Models */ = {
			isa = PBXGroup;
			children = (
				BB2B573818385ABE00288708 /* UserData.h */,
				BB2B573918385ABE00288708 /* UserData.m */,
				BB2B5743183876B100288708 /* Worker.h */,
				BB2B5744183876B100288708 /* Worker.m */,
				BBB97D15185145CC006D6D4F /* BitstampData.h */,
				BBB97D16185145CC006D6D4F /* BitstampData.m */,
			);
			name = Models;
			sourceTree = "<group>";
		};
		BB5B20C018515EBA00938B19 /* Libraries */ = {
			isa = PBXGroup;
			children = (
				BB5B20EF1851744D00938B19 /* UIImage+QRCodeGenerator.h */,
				BB5B20F01851744D00938B19 /* UIImage+QRCodeGenerator.m */,
				BB5B20D11851741400938B19 /* qrencode */,
				BB5B20CD1851609F00938B19 /* CustomiOSAlertView */,
			);
			name = Libraries;
			sourceTree = "<group>";
		};
		BB5B20CD1851609F00938B19 /* CustomiOSAlertView */ = {
			isa = PBXGroup;
			children = (
				BB5B20CE1851609F00938B19 /* CustomIOS7AlertView.h */,
				BB5B20CF1851609F00938B19 /* CustomIOS7AlertView.m */,
			);
			name = CustomiOSAlertView;
			path = View;
			sourceTree = "<group>";
		};
		BB5B20D11851741400938B19 /* qrencode */ = {
			isa = PBXGroup;
			children = (
				BB5B20D21851741400938B19 /* bitstream.c */,
				BB5B20D31851741400938B19 /* bitstream.h */,
				BB5B20D41851741400938B19 /* config.h */,
				BB5B20D51851741400938B19 /* mask.c */,
				BB5B20D61851741400938B19 /* mask.h */,
				BB5B20D71851741400938B19 /* mmask.c */,
				BB5B20D81851741400938B19 /* mmask.h */,
				BB5B20D91851741400938B19 /* mqrspec.c */,
				BB5B20DA1851741400938B19 /* mqrspec.h */,
				BB5B20DB1851741400938B19 /* qrencode.c */,
				BB5B20DC1851741400938B19 /* qrencode.h */,
				BB5B20DD1851741400938B19 /* qrencode_inner.h */,
				BB5B20DE1851741400938B19 /* qrinput.c */,
				BB5B20DF1851741400938B19 /* qrinput.h */,
				BB5B20E01851741400938B19 /* qrspec.c */,
				BB5B20E11851741400938B19 /* qrspec.h */,
				BB5B20E21851741400938B19 /* rscode.c */,
				BB5B20E31851741400938B19 /* rscode.h */,
				BB5B20E41851741400938B19 /* split.c */,
				BB5B20E51851741400938B19 /* split.h */,
			);
			path = qrencode;
			sourceTree = "<group>";
		};
		BB8BE4EF18395F5F00BD9266 /* View Controllers */ = {
			isa = PBXGroup;
			children = (
				BB2B57121838532900288708 /* SecondViewController.h */,
				BB2B57131838532900288708 /* SecondViewController.m */,
				BB8BE4E91839106200BD9266 /* WorkerViewController.h */,
				BB8BE4EA1839106200BD9266 /* WorkerViewController.m */,
				BB8BE4EC1839533B00BD9266 /* StatsViewController.h */,
				BB8BE4ED1839533B00BD9266 /* StatsViewController.m */,
				BB043E7D18526CE20078AA89 /* AboutViewController.h */,
				BB043E7E18526CE20078AA89 /* AboutViewController.m */,
				BB043E7F18526CE20078AA89 /* AboutViewController.xib */,
			);
			name = "View Controllers";
			sourceTree = "<group>";
		};
		BB8BE4F018395F7700BD9266 /* Images */ = {
			isa = PBXGroup;
			children = (
				BB8BE4F118395FEF00BD9266 /* cloud.png */,
				BB8BE4F31839604300BD9266 /* home.png */,
				BB8BE4F51839609800BD9266 /* spanner.png */,
			);
			name = Images;
			sourceTree = "<group>";
		};
/* End PBXGroup section */

/* Begin PBXNativeTarget section */
		BB2B56F31838532900288708 /* Foreman */ = {
			isa = PBXNativeTarget;
			buildConfigurationList = BB2B572C1838532900288708 /* Build configuration list for PBXNativeTarget "Foreman" */;
			buildPhases = (
				BB2B56F01838532900288708 /* Sources */,
				BB2B56F11838532900288708 /* Frameworks */,
				BB2B56F21838532900288708 /* Resources */,
			);
			buildRules = (
			);
			dependencies = (
			);
			name = Foreman;
			productName = "Slush Watch";
			productReference = BB2B56F41838532900288708 /* Foreman.app */;
			productType = "com.apple.product-type.application";
		};
		BB2B571A1838532900288708 /* ForemanTests */ = {
			isa = PBXNativeTarget;
			buildConfigurationList = BB2B572F1838532900288708 /* Build configuration list for PBXNativeTarget "ForemanTests" */;
			buildPhases = (
				BB2B57171838532900288708 /* Sources */,
				BB2B57181838532900288708 /* Frameworks */,
				BB2B57191838532900288708 /* Resources */,
			);
			buildRules = (
			);
			dependencies = (
				BB2B57211838532900288708 /* PBXTargetDependency */,
			);
			name = ForemanTests;
			productName = "Slush WatchTests";
			productReference = BB2B571B1838532900288708 /* ForemanTests.xctest */;
			productType = "com.apple.product-type.bundle.unit-test";
		};
/* End PBXNativeTarget section */

/* Begin PBXProject section */
		BB2B56EC1838532900288708 /* Project object */ = {
			isa = PBXProject;
			attributes = {
				LastUpgradeCheck = 0500;
				ORGANIZATIONNAME = Zozworks;
				TargetAttributes = {
					BB2B56F31838532900288708 = {
						DevelopmentTeam = EAGTZY2K89;
					};
					BB2B571A1838532900288708 = {
						TestTargetID = BB2B56F31838532900288708;
					};
				};
			};
			buildConfigurationList = BB2B56EF1838532900288708 /* Build configuration list for PBXProject "Foreman" */;
			compatibilityVersion = "Xcode 3.2";
			developmentRegion = English;
			hasScannedForEncodings = 0;
			knownRegions = (
				en,
				Base,
			);
			mainGroup = BB2B56EB1838532900288708;
			productRefGroup = BB2B56F51838532900288708 /* Products */;
			projectDirPath = "";
			projectRoot = "";
			targets = (
				BB2B56F31838532900288708 /* Foreman */,
				BB2B571A1838532900288708 /* ForemanTests */,
			);
		};
/* End PBXProject section */

/* Begin PBXResourcesBuildPhase section */
		BB2B56F21838532900288708 /* Resources */ = {
			isa = PBXResourcesBuildPhase;
			buildActionMask = 2147483647;
			files = (
				BB8BE4F218395FEF00BD9266 /* cloud.png in Resources */,
				BB043E8118526CE20078AA89 /* AboutViewController.xib in Resources */,
				BB8BE4F41839604300BD9266 /* home.png in Resources */,
				BB8BE4F61839609800BD9266 /* spanner.png in Resources */,
				BB2B57161838532900288708 /* Images.xcassets in Resources */,
				BB2B570B1838532900288708 /* Main_iPhone.storyboard in Resources */,
				BB2B57021838532900288708 /* InfoPlist.strings in Resources */,
			);
			runOnlyForDeploymentPostprocessing = 0;
		};
		BB2B57191838532900288708 /* Resources */ = {
			isa = PBXResourcesBuildPhase;
			buildActionMask = 2147483647;
			files = (
				BB2B57271838532900288708 /* InfoPlist.strings in Resources */,
			);
			runOnlyForDeploymentPostprocessing = 0;
		};
/* End PBXResourcesBuildPhase section */

/* Begin PBXSourcesBuildPhase section */
		BB2B56F01838532900288708 /* Sources */ = {
			isa = PBXSourcesBuildPhase;
			buildActionMask = 2147483647;
			files = (
				BB5B20E81851741400938B19 /* mmask.c in Sources */,
				BBB97D17185145CC006D6D4F /* BitstampData.m in Sources */,
				BB2B57141838532900288708 /* SecondViewController.m in Sources */,
				BB2B57081838532900288708 /* AppDelegate.m in Sources */,
				BB5B20D01851609F00938B19 /* CustomIOS7AlertView.m in Sources */,
				BB5B20EB1851741400938B19 /* qrinput.c in Sources */,
				BB5B20E91851741400938B19 /* mqrspec.c in Sources */,
				BB2B573D18385AF300288708 /* Json.m in Sources */,
				BB5B20E61851741400938B19 /* bitstream.c in Sources */,
				BB5B20EA1851741400938B19 /* qrencode.c in Sources */,
				BB8BE4EE1839533B00BD9266 /* StatsViewController.m in Sources */,
				BB8BE4EB1839106200BD9266 /* WorkerViewController.m in Sources */,
				BB5B20EE1851741400938B19 /* split.c in Sources */,
				BB2B57041838532900288708 /* main.m in Sources */,
				BB5B20ED1851741400938B19 /* rscode.c in Sources */,
				BB2B573A18385ABE00288708 /* UserData.m in Sources */,
				BB2B57401838657200288708 /* Alerts.m in Sources */,
				BB5B20E71851741400938B19 /* mask.c in Sources */,
				BB5B20EC1851741400938B19 /* qrspec.c in Sources */,
				BB2B5745183876B100288708 /* Worker.m in Sources */,
				BB2B57341838585300288708 /* Utilities.m in Sources */,
				BB5B20F11851744D00938B19 /* UIImage+QRCodeGenerator.m in Sources */,
				BB043E8018526CE20078AA89 /* AboutViewController.m in Sources */,
			);
			runOnlyForDeploymentPostprocessing = 0;
		};
		BB2B57171838532900288708 /* Sources */ = {
			isa = PBXSourcesBuildPhase;
			buildActionMask = 2147483647;
			files = (
				BB2B57291838532900288708 /* Slush_WatchTests.m in Sources */,
			);
			runOnlyForDeploymentPostprocessing = 0;
		};
/* End PBXSourcesBuildPhase section */

/* Begin PBXTargetDependency section */
		BB2B57211838532900288708 /* PBXTargetDependency */ = {
			isa = PBXTargetDependency;
			target = BB2B56F31838532900288708 /* Foreman */;
			targetProxy = BB2B57201838532900288708 /* PBXContainerItemProxy */;
		};
/* End PBXTargetDependency section */

/* Begin PBXVariantGroup section */
		BB2B57001838532900288708 /* InfoPlist.strings */ = {
			isa = PBXVariantGroup;
			children = (
				BB2B57011838532900288708 /* en */,
			);
			name = InfoPlist.strings;
			sourceTree = "<group>";
		};
		BB2B57091838532900288708 /* Main_iPhone.storyboard */ = {
			isa = PBXVariantGroup;
			children = (
				BB2B570A1838532900288708 /* Base */,
			);
			name = Main_iPhone.storyboard;
			sourceTree = "<group>";
		};
		BB2B57251838532900288708 /* InfoPlist.strings */ = {
			isa = PBXVariantGroup;
			children = (
				BB2B57261838532900288708 /* en */,
			);
			name = InfoPlist.strings;
			sourceTree = "<group>";
		};
/* End PBXVariantGroup section */

/* Begin XCBuildConfiguration section */
		BB2B572A1838532900288708 /* Debug */ = {
			isa = XCBuildConfiguration;
			buildSettings = {
				ALWAYS_SEARCH_USER_PATHS = NO;
				ARCHS = "$(ARCHS_STANDARD_INCLUDING_64_BIT)";
				CLANG_CXX_LANGUAGE_STANDARD = "gnu++0x";
				CLANG_CXX_LIBRARY = "libc++";
				CLANG_ENABLE_MODULES = YES;
				CLANG_ENABLE_OBJC_ARC = YES;
				CLANG_WARN_BOOL_CONVERSION = YES;
				CLANG_WARN_CONSTANT_CONVERSION = YES;
				CLANG_WARN_DIRECT_OBJC_ISA_USAGE = YES_ERROR;
				CLANG_WARN_EMPTY_BODY = YES;
				CLANG_WARN_ENUM_CONVERSION = YES;
				CLANG_WARN_INT_CONVERSION = YES;
				CLANG_WARN_OBJC_ROOT_CLASS = YES_ERROR;
				CLANG_WARN__DUPLICATE_METHOD_MATCH = YES;
				"CODE_SIGN_IDENTITY[sdk=iphoneos*]" = "iPhone Developer";
				COPY_PHASE_STRIP = NO;
				GCC_C_LANGUAGE_STANDARD = gnu99;
				GCC_DYNAMIC_NO_PIC = NO;
				GCC_OPTIMIZATION_LEVEL = 0;
				GCC_PREPROCESSOR_DEFINITIONS = (
					"DEBUG=1",
					"$(inherited)",
				);
				GCC_SYMBOLS_PRIVATE_EXTERN = NO;
				GCC_WARN_64_TO_32_BIT_CONVERSION = YES;
				GCC_WARN_ABOUT_RETURN_TYPE = YES_ERROR;
				GCC_WARN_UNDECLARED_SELECTOR = YES;
				GCC_WARN_UNINITIALIZED_AUTOS = YES;
				GCC_WARN_UNUSED_FUNCTION = YES;
				GCC_WARN_UNUSED_VARIABLE = YES;
				IPHONEOS_DEPLOYMENT_TARGET = 7.0;
				ONLY_ACTIVE_ARCH = YES;
				SDKROOT = iphoneos;
				TARGETED_DEVICE_FAMILY = "1,2";
			};
			name = Debug;
		};
		BB2B572B1838532900288708 /* Release */ = {
			isa = XCBuildConfiguration;
			buildSettings = {
				ALWAYS_SEARCH_USER_PATHS = NO;
				ARCHS = "$(ARCHS_STANDARD_INCLUDING_64_BIT)";
				CLANG_CXX_LANGUAGE_STANDARD = "gnu++0x";
				CLANG_CXX_LIBRARY = "libc++";
				CLANG_ENABLE_MODULES = YES;
				CLANG_ENABLE_OBJC_ARC = YES;
				CLANG_WARN_BOOL_CONVERSION = YES;
				CLANG_WARN_CONSTANT_CONVERSION = YES;
				CLANG_WARN_DIRECT_OBJC_ISA_USAGE = YES_ERROR;
				CLANG_WARN_EMPTY_BODY = YES;
				CLANG_WARN_ENUM_CONVERSION = YES;
				CLANG_WARN_INT_CONVERSION = YES;
				CLANG_WARN_OBJC_ROOT_CLASS = YES_ERROR;
				CLANG_WARN__DUPLICATE_METHOD_MATCH = YES;
				"CODE_SIGN_IDENTITY[sdk=iphoneos*]" = "iPhone Developer";
				COPY_PHASE_STRIP = YES;
				ENABLE_NS_ASSERTIONS = NO;
				GCC_C_LANGUAGE_STANDARD = gnu99;
				GCC_WARN_64_TO_32_BIT_CONVERSION = YES;
				GCC_WARN_ABOUT_RETURN_TYPE = YES_ERROR;
				GCC_WARN_UNDECLARED_SELECTOR = YES;
				GCC_WARN_UNINITIALIZED_AUTOS = YES;
				GCC_WARN_UNUSED_FUNCTION = YES;
				GCC_WARN_UNUSED_VARIABLE = YES;
				IPHONEOS_DEPLOYMENT_TARGET = 7.0;
				SDKROOT = iphoneos;
				TARGETED_DEVICE_FAMILY = "1,2";
				VALIDATE_PRODUCT = YES;
			};
			name = Release;
		};
		BB2B572D1838532900288708 /* Debug */ = {
			isa = XCBuildConfiguration;
			buildSettings = {
				ASSETCATALOG_COMPILER_APPICON_NAME = AppIcon;
				ASSETCATALOG_COMPILER_LAUNCHIMAGE_NAME = LaunchImage;
				CODE_SIGN_IDENTITY = "iPhone Developer";
				GCC_PRECOMPILE_PREFIX_HEADER = YES;
				GCC_PREFIX_HEADER = "Foreman/Foreman-Prefix.pch";
				INFOPLIST_FILE = "Foreman/Foreman-Info.plist";
				IPHONEOS_DEPLOYMENT_TARGET = 7.0;
				PRODUCT_NAME = Foreman;
				TARGETED_DEVICE_FAMILY = 1;
				WRAPPER_EXTENSION = app;
			};
			name = Debug;
		};
		BB2B572E1838532900288708 /* Release */ = {
			isa = XCBuildConfiguration;
			buildSettings = {
				ASSETCATALOG_COMPILER_APPICON_NAME = AppIcon;
				ASSETCATALOG_COMPILER_LAUNCHIMAGE_NAME = LaunchImage;
				CODE_SIGN_IDENTITY = "iPhone Developer";
				GCC_PRECOMPILE_PREFIX_HEADER = YES;
				GCC_PREFIX_HEADER = "Foreman/Foreman-Prefix.pch";
				INFOPLIST_FILE = "Foreman/Foreman-Info.plist";
				IPHONEOS_DEPLOYMENT_TARGET = 7.0;
				PRODUCT_NAME = Foreman;
				TARGETED_DEVICE_FAMILY = 1;
				WRAPPER_EXTENSION = app;
			};
			name = Release;
		};
		BB2B57301838532900288708 /* Debug */ = {
			isa = XCBuildConfiguration;
			buildSettings = {
				ARCHS = "$(ARCHS_STANDARD_INCLUDING_64_BIT)";
				BUNDLE_LOADER = "$(BUILT_PRODUCTS_DIR)/Slush Watch.app/Slush Watch";
				FRAMEWORK_SEARCH_PATHS = (
					"$(SDKROOT)/Developer/Library/Frameworks",
					"$(inherited)",
					"$(DEVELOPER_FRAMEWORKS_DIR)",
				);
				GCC_PRECOMPILE_PREFIX_HEADER = YES;
				GCC_PREFIX_HEADER = "Slush Watch/Slush Watch-Prefix.pch";
				GCC_PREPROCESSOR_DEFINITIONS = (
					"DEBUG=1",
					"$(inherited)",
				);
				INFOPLIST_FILE = "Slush WatchTests/ForemanTests-Info.plist";
				PRODUCT_NAME = ForemanTests;
				TEST_HOST = "$(BUNDLE_LOADER)";
				WRAPPER_EXTENSION = xctest;
			};
			name = Debug;
		};
		BB2B57311838532900288708 /* Release */ = {
			isa = XCBuildConfiguration;
			buildSettings = {
				ARCHS = "$(ARCHS_STANDARD_INCLUDING_64_BIT)";
				BUNDLE_LOADER = "$(BUILT_PRODUCTS_DIR)/Slush Watch.app/Slush Watch";
				FRAMEWORK_SEARCH_PATHS = (
					"$(SDKROOT)/Developer/Library/Frameworks",
					"$(inherited)",
					"$(DEVELOPER_FRAMEWORKS_DIR)",
				);
				GCC_PRECOMPILE_PREFIX_HEADER = YES;
				GCC_PREFIX_HEADER = "Slush Watch/Slush Watch-Prefix.pch";
				INFOPLIST_FILE = "Slush WatchTests/ForemanTests-Info.plist";
				PRODUCT_NAME = ForemanTests;
				TEST_HOST = "$(BUNDLE_LOADER)";
				WRAPPER_EXTENSION = xctest;
			};
			name = Release;
		};
/* End XCBuildConfiguration section */

/* Begin XCConfigurationList section */
		BB2B56EF1838532900288708 /* Build configuration list for PBXProject "Foreman" */ = {
			isa = XCConfigurationList;
			buildConfigurations = (
				BB2B572A1838532900288708 /* Debug */,
				BB2B572B1838532900288708 /* Release */,
			);
			defaultConfigurationIsVisible = 0;
			defaultConfigurationName = Release;
		};
		BB2B572C1838532900288708 /* Build configuration list for PBXNativeTarget "Foreman" */ = {
			isa = XCConfigurationList;
			buildConfigurations = (
				BB2B572D1838532900288708 /* Debug */,
				BB2B572E1838532900288708 /* Release */,
			);
			defaultConfigurationIsVisible = 0;
			defaultConfigurationName = Release;
		};
		BB2B572F1838532900288708 /* Build configuration list for PBXNativeTarget "ForemanTests" */ = {
			isa = XCConfigurationList;
			buildConfigurations = (
				BB2B57301838532900288708 /* Debug */,
				BB2B57311838532900288708 /* Release */,
			);
			defaultConfigurationIsVisible = 0;
			defaultConfigurationName = Release;
		};
/* End XCConfigurationList section */
	};
	rootObject = BB2B56EC1838532900288708 /* Project object */;
}
